
Microsoft Visual Studio Solution File, Format Version 12.00
# Visual Studio Version 17
VisualStudioVersion = 17.8.34511.84
MinimumVisualStudioVersion = 10.0.40219.1
Project("{FAE04EC0-301F-11D3-BF4B-00C04F79EFBC}") = "ZTP_Project", "ZTP_Project\ZTP_Project.csproj", "{074E54C5-BABE-4566-8A76-3A06A3045D2B}"
EndProject
Global
	GlobalSection(SolutionConfigurationPlatforms) = preSolution
		Debug|Any CPU = Debug|Any CPU
		Release|Any CPU = Release|Any CPU
	EndGlobalSection
	GlobalSection(ProjectConfigurationPlatforms) = postSolution
		{074E54C5-BABE-4566-8A76-3A06A3045D2B}.Debug|Any CPU.ActiveCfg = Debug|Any CPU
		{074E54C5-BABE-4566-8A76-3A06A3045D2B}.Debug|Any CPU.Build.0 = Debug|Any CPU
		{074E54C5-BABE-4566-8A76-3A06A3045D2B}.Release|Any CPU.ActiveCfg = Release|Any CPU
		{074E54C5-BABE-4566-8A76-3A06A3045D2B}.Release|Any CPU.Build.0 = Release|Any CPU
	EndGlobalSection
	GlobalSection(SolutionProperties) = preSolution
		HideSolutionNode = FALSE
	EndGlobalSection
	GlobalSection(ExtensibilityGlobals) = postSolution
		SolutionGuid = {CB409800-1EE5-4F67-814F-34C3DA09DB83}
	EndGlobalSection
EndGlobal
